
Microsoft Visual Studio Solution File, Format Version 12.00
# Visual Studio Version 17
VisualStudioVersion = 17.13.35825.156 d17.13
MinimumVisualStudioVersion = 10.0.40219.1
Project("{FAE04EC0-301F-11D3-BF4B-00C04F79EFBC}") = "Boombox", "Boombox.csproj", "{1C471F4E-DBE1-82A8-74DA-B361224774B5}"
EndProject
Global
	GlobalSection(SolutionConfigurationPlatforms) = preSolution
		Debug|Any CPU = Debug|Any CPU
		Installer|Any CPU = Installer|Any CPU
		Release|Any CPU = Release|Any CPU
	EndGlobalSection
	GlobalSection(ProjectConfigurationPlatforms) = postSolution
		{1C471F4E-DBE1-82A8-74DA-B361224774B5}.Debug|Any CPU.ActiveCfg = Debug|Any CPU
		{1C471F4E-DBE1-82A8-74DA-B361224774B5}.Debug|Any CPU.Build.0 = Debug|Any CPU
		{1C471F4E-DBE1-82A8-74DA-B361224774B5}.Installer|Any CPU.ActiveCfg = Installer|Any CPU
		{1C471F4E-DBE1-82A8-74DA-B361224774B5}.Installer|Any CPU.Build.0 = Installer|Any CPU
		{1C471F4E-DBE1-82A8-74DA-B361224774B5}.Release|Any CPU.ActiveCfg = Release|Any CPU
		{1C471F4E-DBE1-82A8-74DA-B361224774B5}.Release|Any CPU.Build.0 = Release|Any CPU
	EndGlobalSection
	GlobalSection(SolutionProperties) = preSolution
		HideSolutionNode = FALSE
	EndGlobalSection
	GlobalSection(ExtensibilityGlobals) = postSolution
		SolutionGuid = {7D756276-2100-444F-8C72-9D11AA9835AD}
	EndGlobalSection
EndGlobal
